
Microsoft Visual Studio Solution File, Format Version 11.00
# Visual Studio 2010
Project("{FAE04EC0-301F-11D3-BF4B-00C04F79EFBC}") = "String Metodları 1", "String Metodları 1\String Metodları 1.csproj", "{9B39F493-0F8D-4770-95A4-8847C1C6F58B}"
EndProject
Global
	GlobalSection(SolutionConfigurationPlatforms) = preSolution
		Debug|x86 = Debug|x86
		Release|x86 = Release|x86
	EndGlobalSection
	GlobalSection(ProjectConfigurationPlatforms) = postSolution
		{9B39F493-0F8D-4770-95A4-8847C1C6F58B}.Debug|x86.ActiveCfg = Debug|x86
		{9B39F493-0F8D-4770-95A4-8847C1C6F58B}.Debug|x86.Build.0 = Debug|x86
		{9B39F493-0F8D-4770-95A4-8847C1C6F58B}.Release|x86.ActiveCfg = Release|x86
		{9B39F493-0F8D-4770-95A4-8847C1C6F58B}.Release|x86.Build.0 = Release|x86
	EndGlobalSection
	GlobalSection(SolutionProperties) = preSolution
		HideSolutionNode = FALSE
	EndGlobalSection
EndGlobal
